
Microsoft Visual Studio Solution File, Format Version 12.00
# Visual Studio Version 17
VisualStudioVersion = 17.1.32210.238
MinimumVisualStudioVersion = 10.0.40219.1
Project("{FAE04EC0-301F-11D3-BF4B-00C04F79EFBC}") = "RestfulService", "RestfulService\RestfulService.csproj", "{42607489-8DA0-44CB-BB2A-894BEF4F40CC}"
EndProject
Project("{FAE04EC0-301F-11D3-BF4B-00C04F79EFBC}") = "RestfulClient", "RestfulClient\RestfulClient.csproj", "{92AB6CBE-5B17-4BD3-A986-5669D5A5E5E3}"
EndProject
Global
	GlobalSection(SolutionConfigurationPlatforms) = preSolution
		Debug|Any CPU = Debug|Any CPU
		Release|Any CPU = Release|Any CPU
	EndGlobalSection
	GlobalSection(ProjectConfigurationPlatforms) = postSolution
		{42607489-8DA0-44CB-BB2A-894BEF4F40CC}.Debug|Any CPU.ActiveCfg = Debug|Any CPU
		{42607489-8DA0-44CB-BB2A-894BEF4F40CC}.Debug|Any CPU.Build.0 = Debug|Any CPU
		{42607489-8DA0-44CB-BB2A-894BEF4F40CC}.Release|Any CPU.ActiveCfg = Release|Any CPU
		{42607489-8DA0-44CB-BB2A-894BEF4F40CC}.Release|Any CPU.Build.0 = Release|Any CPU
		{92AB6CBE-5B17-4BD3-A986-5669D5A5E5E3}.Debug|Any CPU.ActiveCfg = Debug|Any CPU
		{92AB6CBE-5B17-4BD3-A986-5669D5A5E5E3}.Debug|Any CPU.Build.0 = Debug|Any CPU
		{92AB6CBE-5B17-4BD3-A986-5669D5A5E5E3}.Release|Any CPU.ActiveCfg = Release|Any CPU
		{92AB6CBE-5B17-4BD3-A986-5669D5A5E5E3}.Release|Any CPU.Build.0 = Release|Any CPU
	EndGlobalSection
	GlobalSection(SolutionProperties) = preSolution
		HideSolutionNode = FALSE
	EndGlobalSection
	GlobalSection(ExtensibilityGlobals) = postSolution
		SolutionGuid = {CBBD3E20-22BD-447A-97ED-081ABA2574D6}
	EndGlobalSection
EndGlobal
