
Microsoft Visual Studio Solution File, Format Version 12.00
# Visual Studio Version 17
VisualStudioVersion = 17.1.32210.238
MinimumVisualStudioVersion = 10.0.40219.1
Project("{FAE04EC0-301F-11D3-BF4B-00C04F79EFBC}") = "EX3_3", "EX3_3\EX3_3.csproj", "{8FFC85DB-6CA2-46B8-8223-053BD8792C0D}"
EndProject
Global
	GlobalSection(SolutionConfigurationPlatforms) = preSolution
		Debug|Any CPU = Debug|Any CPU
		Release|Any CPU = Release|Any CPU
	EndGlobalSection
	GlobalSection(ProjectConfigurationPlatforms) = postSolution
		{8FFC85DB-6CA2-46B8-8223-053BD8792C0D}.Debug|Any CPU.ActiveCfg = Debug|Any CPU
		{8FFC85DB-6CA2-46B8-8223-053BD8792C0D}.Debug|Any CPU.Build.0 = Debug|Any CPU
		{8FFC85DB-6CA2-46B8-8223-053BD8792C0D}.Release|Any CPU.ActiveCfg = Release|Any CPU
		{8FFC85DB-6CA2-46B8-8223-053BD8792C0D}.Release|Any CPU.Build.0 = Release|Any CPU
	EndGlobalSection
	GlobalSection(SolutionProperties) = preSolution
		HideSolutionNode = FALSE
	EndGlobalSection
	GlobalSection(ExtensibilityGlobals) = postSolution
		SolutionGuid = {7517C15F-32AC-4D6D-AACC-5AADF454BA52}
	EndGlobalSection
EndGlobal
